// !$*UTF8*$!
{
	archiveVersion = 1;
	classes = {
	};
	objectVersion = 55;
	objects = {

/* Begin PBXBuildFile section */
		B0954C2E2852647600920797 /* CityWeatherDTO.swift in Sources */ = {isa = PBXBuildFile; fileRef = B0954C2D2852647600920797 /* CityWeatherDTO.swift */; };
		B0B4A8AA28521513008F308B /* AppDelegate.swift in Sources */ = {isa = PBXBuildFile; fileRef = B0B4A8A928521513008F308B /* AppDelegate.swift */; };
		B0B4A8AC28521513008F308B /* SceneDelegate.swift in Sources */ = {isa = PBXBuildFile; fileRef = B0B4A8AB28521513008F308B /* SceneDelegate.swift */; };
		B0B4A8AE28521513008F308B /* MainViewController.swift in Sources */ = {isa = PBXBuildFile; fileRef = B0B4A8AD28521513008F308B /* MainViewController.swift */; };
		B0B4A8B128521513008F308B /* MainViewController.storyboard in Resources */ = {isa = PBXBuildFile; fileRef = B0B4A8AF28521513008F308B /* MainViewController.storyboard */; };
		B0B4A8B328521519008F308B /* Assets.xcassets in Resources */ = {isa = PBXBuildFile; fileRef = B0B4A8B228521519008F308B /* Assets.xcassets */; };
		B0B4A8B628521519008F308B /* LaunchScreen.storyboard in Resources */ = {isa = PBXBuildFile; fileRef = B0B4A8B428521519008F308B /* LaunchScreen.storyboard */; };
		B0B4A8C128521519008F308B /* WeatherInfoTests.swift in Sources */ = {isa = PBXBuildFile; fileRef = B0B4A8C028521519008F308B /* WeatherInfoTests.swift */; };
		B0B7D51F2852381D0048170D /* EndPoint.swift in Sources */ = {isa = PBXBuildFile; fileRef = B0B7D51E2852381D0048170D /* EndPoint.swift */; };
		B0B7D521285238290048170D /* APIEndPoint.swift in Sources */ = {isa = PBXBuildFile; fileRef = B0B7D520285238290048170D /* APIEndPoint.swift */; };
		B0B8194628521F6800C7C573 /* NetworkRequester.swift in Sources */ = {isa = PBXBuildFile; fileRef = B0B8194528521F6800C7C573 /* NetworkRequester.swift */; };
		B0B81949285220B200C7C573 /* APIKeys.swift in Sources */ = {isa = PBXBuildFile; fileRef = B0B81948285220B200C7C573 /* APIKeys.swift */; };
		B0B8194B28522A0300C7C573 /* NetworkService.swift in Sources */ = {isa = PBXBuildFile; fileRef = B0B8194A28522A0300C7C573 /* NetworkService.swift */; };
		B0B8194F2852312000C7C573 /* WeatherRepository.swift in Sources */ = {isa = PBXBuildFile; fileRef = B0B8194E2852312000C7C573 /* WeatherRepository.swift */; };
		B0B81952285231BC00C7C573 /* DefaultWeatherRepository.swift in Sources */ = {isa = PBXBuildFile; fileRef = B0B81951285231BC00C7C573 /* DefaultWeatherRepository.swift */; };
/* End PBXBuildFile section */

/* Begin PBXContainerItemProxy section */
		B0B4A8BD28521519008F308B /* PBXContainerItemProxy */ = {
			isa = PBXContainerItemProxy;
			containerPortal = B0B4A89E28521513008F308B /* Project object */;
			proxyType = 1;
			remoteGlobalIDString = B0B4A8A528521513008F308B;
			remoteInfo = WeatherInfo;
		};
		B0B4A8C728521519008F308B /* PBXContainerItemProxy */ = {
			isa = PBXContainerItemProxy;
			containerPortal = B0B4A89E28521513008F308B /* Project object */;
			proxyType = 1;
			remoteGlobalIDString = B0B4A8A528521513008F308B;
			remoteInfo = WeatherInfo;
		};
/* End PBXContainerItemProxy section */

/* Begin PBXFileReference section */
		B0954C2D2852647600920797 /* CityWeatherDTO.swift */ = {isa = PBXFileReference; lastKnownFileType = sourcecode.swift; path = CityWeatherDTO.swift; sourceTree = "<group>"; };
		B0B4A8A628521513008F308B /* WeatherInfo.app */ = {isa = PBXFileReference; explicitFileType = wrapper.application; includeInIndex = 0; path = WeatherInfo.app; sourceTree = BUILT_PRODUCTS_DIR; };
		B0B4A8A928521513008F308B /* AppDelegate.swift */ = {isa = PBXFileReference; lastKnownFileType = sourcecode.swift; path = AppDelegate.swift; sourceTree = "<group>"; };
		B0B4A8AB28521513008F308B /* SceneDelegate.swift */ = {isa = PBXFileReference; lastKnownFileType = sourcecode.swift; path = SceneDelegate.swift; sourceTree = "<group>"; };
		B0B4A8AD28521513008F308B /* MainViewController.swift */ = {isa = PBXFileReference; lastKnownFileType = sourcecode.swift; path = MainViewController.swift; sourceTree = "<group>"; };
		B0B4A8B028521513008F308B /* Base */ = {isa = PBXFileReference; lastKnownFileType = file.storyboard; name = Base; path = Base.lproj/MainViewController.storyboard; sourceTree = "<group>"; };
		B0B4A8B228521519008F308B /* Assets.xcassets */ = {isa = PBXFileReference; lastKnownFileType = folder.assetcatalog; path = Assets.xcassets; sourceTree = "<group>"; };
		B0B4A8B528521519008F308B /* Base */ = {isa = PBXFileReference; lastKnownFileType = file.storyboard; name = Base; path = Base.lproj/LaunchScreen.storyboard; sourceTree = "<group>"; };
		B0B4A8B728521519008F308B /* Info.plist */ = {isa = PBXFileReference; lastKnownFileType = text.plist.xml; path = Info.plist; sourceTree = "<group>"; };
		B0B4A8BC28521519008F308B /* WeatherInfoTests.xctest */ = {isa = PBXFileReference; explicitFileType = wrapper.cfbundle; includeInIndex = 0; path = WeatherInfoTests.xctest; sourceTree = BUILT_PRODUCTS_DIR; };
		B0B4A8C028521519008F308B /* WeatherInfoTests.swift */ = {isa = PBXFileReference; lastKnownFileType = sourcecode.swift; path = WeatherInfoTests.swift; sourceTree = "<group>"; };
		B0B4A8C628521519008F308B /* WeatherInfoUITests.xctest */ = {isa = PBXFileReference; explicitFileType = wrapper.cfbundle; includeInIndex = 0; path = WeatherInfoUITests.xctest; sourceTree = BUILT_PRODUCTS_DIR; };
		B0B7D51E2852381D0048170D /* EndPoint.swift */ = {isa = PBXFileReference; lastKnownFileType = sourcecode.swift; path = EndPoint.swift; sourceTree = "<group>"; };
		B0B7D520285238290048170D /* APIEndPoint.swift */ = {isa = PBXFileReference; lastKnownFileType = sourcecode.swift; path = APIEndPoint.swift; sourceTree = "<group>"; };
		B0B8194528521F6800C7C573 /* NetworkRequester.swift */ = {isa = PBXFileReference; lastKnownFileType = sourcecode.swift; path = NetworkRequester.swift; sourceTree = "<group>"; };
		B0B81948285220B200C7C573 /* APIKeys.swift */ = {isa = PBXFileReference; lastKnownFileType = sourcecode.swift; path = APIKeys.swift; sourceTree = "<group>"; };
		B0B8194A28522A0300C7C573 /* NetworkService.swift */ = {isa = PBXFileReference; lastKnownFileType = sourcecode.swift; path = NetworkService.swift; sourceTree = "<group>"; };
		B0B8194E2852312000C7C573 /* WeatherRepository.swift */ = {isa = PBXFileReference; lastKnownFileType = sourcecode.swift; path = WeatherRepository.swift; sourceTree = "<group>"; };
		B0B81951285231BC00C7C573 /* DefaultWeatherRepository.swift */ = {isa = PBXFileReference; lastKnownFileType = sourcecode.swift; path = DefaultWeatherRepository.swift; sourceTree = "<group>"; };
/* End PBXFileReference section */

/* Begin PBXFrameworksBuildPhase section */
		B0B4A8A328521513008F308B /* Frameworks */ = {
			isa = PBXFrameworksBuildPhase;
			buildActionMask = 2147483647;
			files = (
			);
			runOnlyForDeploymentPostprocessing = 0;
		};
		B0B4A8B928521519008F308B /* Frameworks */ = {
			isa = PBXFrameworksBuildPhase;
			buildActionMask = 2147483647;
			files = (
			);
			runOnlyForDeploymentPostprocessing = 0;
		};
		B0B4A8C328521519008F308B /* Frameworks */ = {
			isa = PBXFrameworksBuildPhase;
			buildActionMask = 2147483647;
			files = (
			);
			runOnlyForDeploymentPostprocessing = 0;
		};
/* End PBXFrameworksBuildPhase section */

/* Begin PBXGroup section */
		B0B4A89D28521513008F308B = {
			isa = PBXGroup;
			children = (
				B0B4A8A828521513008F308B /* WeatherInfo */,
				B0B4A8BF28521519008F308B /* WeatherInfoTests */,
				B0B4A8A728521513008F308B /* Products */,
			);
			sourceTree = "<group>";
		};
		B0B4A8A728521513008F308B /* Products */ = {
			isa = PBXGroup;
			children = (
				B0B4A8A628521513008F308B /* WeatherInfo.app */,
				B0B4A8BC28521519008F308B /* WeatherInfoTests.xctest */,
				B0B4A8C628521519008F308B /* WeatherInfoUITests.xctest */,
			);
			name = Products;
			sourceTree = "<group>";
		};
		B0B4A8A828521513008F308B /* WeatherInfo */ = {
			isa = PBXGroup;
			children = (
				B0B4A8D92852177C008F308B /* Application */,
				B0B4A8DB285217A5008F308B /* Presentaion */,
				B0B4A8DC285217BD008F308B /* Domain */,
				B0B4A8DD285217C1008F308B /* Data */,
				B0B4A8DE285217D7008F308B /* Infrastructure */,
				B0B4A8DF285217EC008F308B /* Common */,
				B0B4A8DA2852178E008F308B /* Resources */,
			);
			path = WeatherInfo;
			sourceTree = "<group>";
		};
		B0B4A8BF28521519008F308B /* WeatherInfoTests */ = {
			isa = PBXGroup;
			children = (
				B0B4A8C028521519008F308B /* WeatherInfoTests.swift */,
			);
			path = WeatherInfoTests;
			sourceTree = "<group>";
		};
		B0B4A8D92852177C008F308B /* Application */ = {
			isa = PBXGroup;
			children = (
				B0B4A8A928521513008F308B /* AppDelegate.swift */,
				B0B4A8AB28521513008F308B /* SceneDelegate.swift */,
			);
			path = Application;
			sourceTree = "<group>";
		};
		B0B4A8DA2852178E008F308B /* Resources */ = {
			isa = PBXGroup;
			children = (
				B0B4A8B228521519008F308B /* Assets.xcassets */,
				B0B4A8B728521519008F308B /* Info.plist */,
			);
			path = Resources;
			sourceTree = "<group>";
		};
		B0B4A8DB285217A5008F308B /* Presentaion */ = {
			isa = PBXGroup;
			children = (
				B0B4A8E128521888008F308B /* MainView */,
				B0B4A8E028521876008F308B /* LaunchScreen */,
			);
			path = Presentaion;
			sourceTree = "<group>";
		};
		B0B4A8DC285217BD008F308B /* Domain */ = {
			isa = PBXGroup;
			children = (
				B0B8194C285230F800C7C573 /* Interfaces */,
			);
			path = Domain;
			sourceTree = "<group>";
		};
		B0B4A8DD285217C1008F308B /* Data */ = {
			isa = PBXGroup;
			children = (
				B0B819502852315600C7C573 /* Repository */,
				B0B8194428521F5600C7C573 /* Network */,
			);
			path = Data;
			sourceTree = "<group>";
		};
		B0B4A8DE285217D7008F308B /* Infrastructure */ = {
			isa = PBXGroup;
			children = (
				B0B819472852208200C7C573 /* Network */,
			);
			path = Infrastructure;
			sourceTree = "<group>";
		};
		B0B4A8DF285217EC008F308B /* Common */ = {
			isa = PBXGroup;
			children = (
			);
			path = Common;
			sourceTree = "<group>";
		};
		B0B4A8E028521876008F308B /* LaunchScreen */ = {
			isa = PBXGroup;
			children = (
				B0B4A8B428521519008F308B /* LaunchScreen.storyboard */,
			);
			path = LaunchScreen;
			sourceTree = "<group>";
		};
		B0B4A8E128521888008F308B /* MainView */ = {
			isa = PBXGroup;
			children = (
				B0B4A8AD28521513008F308B /* MainViewController.swift */,
				B0B4A8AF28521513008F308B /* MainViewController.storyboard */,
			);
			path = MainView;
			sourceTree = "<group>";
		};
		B0B8194428521F5600C7C573 /* Network */ = {
			isa = PBXGroup;
			children = (
				B0B81948285220B200C7C573 /* APIKeys.swift */,
				B0B7D520285238290048170D /* APIEndPoint.swift */,
				B0954C2D2852647600920797 /* CityWeatherDTO.swift */,
			);
			path = Network;
			sourceTree = "<group>";
		};
		B0B819472852208200C7C573 /* Network */ = {
			isa = PBXGroup;
			children = (
				B0B8194528521F6800C7C573 /* NetworkRequester.swift */,
				B0B8194A28522A0300C7C573 /* NetworkService.swift */,
				B0B7D51E2852381D0048170D /* EndPoint.swift */,
			);
			path = Network;
			sourceTree = "<group>";
		};
		B0B8194C285230F800C7C573 /* Interfaces */ = {
			isa = PBXGroup;
			children = (
				B0B8194D2852310E00C7C573 /* Repository */,
			);
			path = Interfaces;
			sourceTree = "<group>";
		};
		B0B8194D2852310E00C7C573 /* Repository */ = {
			isa = PBXGroup;
			children = (
				B0B8194E2852312000C7C573 /* WeatherRepository.swift */,
			);
			path = Repository;
			sourceTree = "<group>";
		};
		B0B819502852315600C7C573 /* Repository */ = {
			isa = PBXGroup;
			children = (
				B0B81951285231BC00C7C573 /* DefaultWeatherRepository.swift */,
			);
			path = Repository;
			sourceTree = "<group>";
		};
/* End PBXGroup section */

/* Begin PBXNativeTarget section */
		B0B4A8A528521513008F308B /* WeatherInfo */ = {
			isa = PBXNativeTarget;
			buildConfigurationList = B0B4A8D028521519008F308B /* Build configuration list for PBXNativeTarget "WeatherInfo" */;
			buildPhases = (
				B0B4A8A228521513008F308B /* Sources */,
				B0B4A8A328521513008F308B /* Frameworks */,
				B0B4A8A428521513008F308B /* Resources */,
			);
			buildRules = (
			);
			dependencies = (
			);
			name = WeatherInfo;
			productName = WeatherInfo;
			productReference = B0B4A8A628521513008F308B /* WeatherInfo.app */;
			productType = "com.apple.product-type.application";
		};
		B0B4A8BB28521519008F308B /* WeatherInfoTests */ = {
			isa = PBXNativeTarget;
			buildConfigurationList = B0B4A8D328521519008F308B /* Build configuration list for PBXNativeTarget "WeatherInfoTests" */;
			buildPhases = (
				B0B4A8B828521519008F308B /* Sources */,
				B0B4A8B928521519008F308B /* Frameworks */,
				B0B4A8BA28521519008F308B /* Resources */,
			);
			buildRules = (
			);
			dependencies = (
				B0B4A8BE28521519008F308B /* PBXTargetDependency */,
			);
			name = WeatherInfoTests;
			productName = WeatherInfoTests;
			productReference = B0B4A8BC28521519008F308B /* WeatherInfoTests.xctest */;
			productType = "com.apple.product-type.bundle.unit-test";
		};
		B0B4A8C528521519008F308B /* WeatherInfoUITests */ = {
			isa = PBXNativeTarget;
			buildConfigurationList = B0B4A8D628521519008F308B /* Build configuration list for PBXNativeTarget "WeatherInfoUITests" */;
			buildPhases = (
				B0B4A8C228521519008F308B /* Sources */,
				B0B4A8C328521519008F308B /* Frameworks */,
				B0B4A8C428521519008F308B /* Resources */,
			);
			buildRules = (
			);
			dependencies = (
				B0B4A8C828521519008F308B /* PBXTargetDependency */,
			);
			name = WeatherInfoUITests;
			productName = WeatherInfoUITests;
			productReference = B0B4A8C628521519008F308B /* WeatherInfoUITests.xctest */;
			productType = "com.apple.product-type.bundle.ui-testing";
		};
/* End PBXNativeTarget section */

/* Begin PBXProject section */
		B0B4A89E28521513008F308B /* Project object */ = {
			isa = PBXProject;
			attributes = {
				BuildIndependentTargetsInParallel = 1;
				LastSwiftUpdateCheck = 1340;
				LastUpgradeCheck = 1340;
				TargetAttributes = {
					B0B4A8A528521513008F308B = {
						CreatedOnToolsVersion = 13.4.1;
					};
					B0B4A8BB28521519008F308B = {
						CreatedOnToolsVersion = 13.4.1;
						TestTargetID = B0B4A8A528521513008F308B;
					};
					B0B4A8C528521519008F308B = {
						CreatedOnToolsVersion = 13.4.1;
						TestTargetID = B0B4A8A528521513008F308B;
					};
				};
			};
			buildConfigurationList = B0B4A8A128521513008F308B /* Build configuration list for PBXProject "WeatherInfo" */;
			compatibilityVersion = "Xcode 13.0";
			developmentRegion = en;
			hasScannedForEncodings = 0;
			knownRegions = (
				en,
				Base,
			);
			mainGroup = B0B4A89D28521513008F308B;
			productRefGroup = B0B4A8A728521513008F308B /* Products */;
			projectDirPath = "";
			projectRoot = "";
			targets = (
				B0B4A8A528521513008F308B /* WeatherInfo */,
				B0B4A8BB28521519008F308B /* WeatherInfoTests */,
				B0B4A8C528521519008F308B /* WeatherInfoUITests */,
			);
		};
/* End PBXProject section */

/* Begin PBXResourcesBuildPhase section */
		B0B4A8A428521513008F308B /* Resources */ = {
			isa = PBXResourcesBuildPhase;
			buildActionMask = 2147483647;
			files = (
				B0B4A8B628521519008F308B /* LaunchScreen.storyboard in Resources */,
				B0B4A8B328521519008F308B /* Assets.xcassets in Resources */,
				B0B4A8B128521513008F308B /* MainViewController.storyboard in Resources */,
			);
			runOnlyForDeploymentPostprocessing = 0;
		};
		B0B4A8BA28521519008F308B /* Resources */ = {
			isa = PBXResourcesBuildPhase;
			buildActionMask = 2147483647;
			files = (
			);
			runOnlyForDeploymentPostprocessing = 0;
		};
		B0B4A8C428521519008F308B /* Resources */ = {
			isa = PBXResourcesBuildPhase;
			buildActionMask = 2147483647;
			files = (
			);
			runOnlyForDeploymentPostprocessing = 0;
		};
/* End PBXResourcesBuildPhase section */

/* Begin PBXSourcesBuildPhase section */
		B0B4A8A228521513008F308B /* Sources */ = {
			isa = PBXSourcesBuildPhase;
			buildActionMask = 2147483647;
			files = (
				B0B8194F2852312000C7C573 /* WeatherRepository.swift in Sources */,
				B0B7D521285238290048170D /* APIEndPoint.swift in Sources */,
				B0B4A8AE28521513008F308B /* MainViewController.swift in Sources */,
				B0B81949285220B200C7C573 /* APIKeys.swift in Sources */,
				B0954C2E2852647600920797 /* CityWeatherDTO.swift in Sources */,
				B0B7D51F2852381D0048170D /* EndPoint.swift in Sources */,
				B0B4A8AA28521513008F308B /* AppDelegate.swift in Sources */,
				B0B4A8AC28521513008F308B /* SceneDelegate.swift in Sources */,
				B0B8194B28522A0300C7C573 /* NetworkService.swift in Sources */,
				B0B81952285231BC00C7C573 /* DefaultWeatherRepository.swift in Sources */,
				B0B8194628521F6800C7C573 /* NetworkRequester.swift in Sources */,
			);
			runOnlyForDeploymentPostprocessing = 0;
		};
		B0B4A8B828521519008F308B /* Sources */ = {
			isa = PBXSourcesBuildPhase;
			buildActionMask = 2147483647;
			files = (
				B0B4A8C128521519008F308B /* WeatherInfoTests.swift in Sources */,
			);
			runOnlyForDeploymentPostprocessing = 0;
		};
		B0B4A8C228521519008F308B /* Sources */ = {
			isa = PBXSourcesBuildPhase;
			buildActionMask = 2147483647;
			files = (
			);
			runOnlyForDeploymentPostprocessing = 0;
		};
/* End PBXSourcesBuildPhase section */

/* Begin PBXTargetDependency section */
		B0B4A8BE28521519008F308B /* PBXTargetDependency */ = {
			isa = PBXTargetDependency;
			target = B0B4A8A528521513008F308B /* WeatherInfo */;
			targetProxy = B0B4A8BD28521519008F308B /* PBXContainerItemProxy */;
		};
		B0B4A8C828521519008F308B /* PBXTargetDependency */ = {
			isa = PBXTargetDependency;
			target = B0B4A8A528521513008F308B /* WeatherInfo */;
			targetProxy = B0B4A8C728521519008F308B /* PBXContainerItemProxy */;
		};
/* End PBXTargetDependency section */

/* Begin PBXVariantGroup section */
		B0B4A8AF28521513008F308B /* MainViewController.storyboard */ = {
			isa = PBXVariantGroup;
			children = (
				B0B4A8B028521513008F308B /* Base */,
			);
			name = MainViewController.storyboard;
			sourceTree = "<group>";
		};
		B0B4A8B428521519008F308B /* LaunchScreen.storyboard */ = {
			isa = PBXVariantGroup;
			children = (
				B0B4A8B528521519008F308B /* Base */,
			);
			name = LaunchScreen.storyboard;
			sourceTree = "<group>";
		};
/* End PBXVariantGroup section */

/* Begin XCBuildConfiguration section */
		B0B4A8CE28521519008F308B /* Debug */ = {
			isa = XCBuildConfiguration;
			buildSettings = {
				ALWAYS_SEARCH_USER_PATHS = NO;
				CLANG_ANALYZER_NONNULL = YES;
				CLANG_ANALYZER_NUMBER_OBJECT_CONVERSION = YES_AGGRESSIVE;
				CLANG_CXX_LANGUAGE_STANDARD = "gnu++17";
				CLANG_ENABLE_MODULES = YES;
				CLANG_ENABLE_OBJC_ARC = YES;
				CLANG_ENABLE_OBJC_WEAK = YES;
				CLANG_WARN_BLOCK_CAPTURE_AUTORELEASING = YES;
				CLANG_WARN_BOOL_CONVERSION = YES;
				CLANG_WARN_COMMA = YES;
				CLANG_WARN_CONSTANT_CONVERSION = YES;
				CLANG_WARN_DEPRECATED_OBJC_IMPLEMENTATIONS = YES;
				CLANG_WARN_DIRECT_OBJC_ISA_USAGE = YES_ERROR;
				CLANG_WARN_DOCUMENTATION_COMMENTS = YES;
				CLANG_WARN_EMPTY_BODY = YES;
				CLANG_WARN_ENUM_CONVERSION = YES;
				CLANG_WARN_INFINITE_RECURSION = YES;
				CLANG_WARN_INT_CONVERSION = YES;
				CLANG_WARN_NON_LITERAL_NULL_CONVERSION = YES;
				CLANG_WARN_OBJC_IMPLICIT_RETAIN_SELF = YES;
				CLANG_WARN_OBJC_LITERAL_CONVERSION = YES;
				CLANG_WARN_OBJC_ROOT_CLASS = YES_ERROR;
				CLANG_WARN_QUOTED_INCLUDE_IN_FRAMEWORK_HEADER = YES;
				CLANG_WARN_RANGE_LOOP_ANALYSIS = YES;
				CLANG_WARN_STRICT_PROTOTYPES = YES;
				CLANG_WARN_SUSPICIOUS_MOVE = YES;
				CLANG_WARN_UNGUARDED_AVAILABILITY = YES_AGGRESSIVE;
				CLANG_WARN_UNREACHABLE_CODE = YES;
				CLANG_WARN__DUPLICATE_METHOD_MATCH = YES;
				COPY_PHASE_STRIP = NO;
				DEBUG_INFORMATION_FORMAT = dwarf;
				ENABLE_STRICT_OBJC_MSGSEND = YES;
				ENABLE_TESTABILITY = YES;
				GCC_C_LANGUAGE_STANDARD = gnu11;
				GCC_DYNAMIC_NO_PIC = NO;
				GCC_NO_COMMON_BLOCKS = YES;
				GCC_OPTIMIZATION_LEVEL = 0;
				GCC_PREPROCESSOR_DEFINITIONS = (
					"DEBUG=1",
					"$(inherited)",
				);
				GCC_WARN_64_TO_32_BIT_CONVERSION = YES;
				GCC_WARN_ABOUT_RETURN_TYPE = YES_ERROR;
				GCC_WARN_UNDECLARED_SELECTOR = YES;
				GCC_WARN_UNINITIALIZED_AUTOS = YES_AGGRESSIVE;
				GCC_WARN_UNUSED_FUNCTION = YES;
				GCC_WARN_UNUSED_VARIABLE = YES;
				IPHONEOS_DEPLOYMENT_TARGET = 15.5;
				MTL_ENABLE_DEBUG_INFO = INCLUDE_SOURCE;
				MTL_FAST_MATH = YES;
				ONLY_ACTIVE_ARCH = YES;
				SDKROOT = iphoneos;
				SWIFT_ACTIVE_COMPILATION_CONDITIONS = DEBUG;
				SWIFT_OPTIMIZATION_LEVEL = "-Onone";
			};
			name = Debug;
		};
		B0B4A8CF28521519008F308B /* Release */ = {
			isa = XCBuildConfiguration;
			buildSettings = {
				ALWAYS_SEARCH_USER_PATHS = NO;
				CLANG_ANALYZER_NONNULL = YES;
				CLANG_ANALYZER_NUMBER_OBJECT_CONVERSION = YES_AGGRESSIVE;
				CLANG_CXX_LANGUAGE_STANDARD = "gnu++17";
				CLANG_ENABLE_MODULES = YES;
				CLANG_ENABLE_OBJC_ARC = YES;
				CLANG_ENABLE_OBJC_WEAK = YES;
				CLANG_WARN_BLOCK_CAPTURE_AUTORELEASING = YES;
				CLANG_WARN_BOOL_CONVERSION = YES;
				CLANG_WARN_COMMA = YES;
				CLANG_WARN_CONSTANT_CONVERSION = YES;
				CLANG_WARN_DEPRECATED_OBJC_IMPLEMENTATIONS = YES;
				CLANG_WARN_DIRECT_OBJC_ISA_USAGE = YES_ERROR;
				CLANG_WARN_DOCUMENTATION_COMMENTS = YES;
				CLANG_WARN_EMPTY_BODY = YES;
				CLANG_WARN_ENUM_CONVERSION = YES;
				CLANG_WARN_INFINITE_RECURSION = YES;
				CLANG_WARN_INT_CONVERSION = YES;
				CLANG_WARN_NON_LITERAL_NULL_CONVERSION = YES;
				CLANG_WARN_OBJC_IMPLICIT_RETAIN_SELF = YES;
				CLANG_WARN_OBJC_LITERAL_CONVERSION = YES;
				CLANG_WARN_OBJC_ROOT_CLASS = YES_ERROR;
				CLANG_WARN_QUOTED_INCLUDE_IN_FRAMEWORK_HEADER = YES;
				CLANG_WARN_RANGE_LOOP_ANALYSIS = YES;
				CLANG_WARN_STRICT_PROTOTYPES = YES;
				CLANG_WARN_SUSPICIOUS_MOVE = YES;
				CLANG_WARN_UNGUARDED_AVAILABILITY = YES_AGGRESSIVE;
				CLANG_WARN_UNREACHABLE_CODE = YES;
				CLANG_WARN__DUPLICATE_METHOD_MATCH = YES;
				COPY_PHASE_STRIP = NO;
				DEBUG_INFORMATION_FORMAT = "dwarf-with-dsym";
				ENABLE_NS_ASSERTIONS = NO;
				ENABLE_STRICT_OBJC_MSGSEND = YES;
				GCC_C_LANGUAGE_STANDARD = gnu11;
				GCC_NO_COMMON_BLOCKS = YES;
				GCC_WARN_64_TO_32_BIT_CONVERSION = YES;
				GCC_WARN_ABOUT_RETURN_TYPE = YES_ERROR;
				GCC_WARN_UNDECLARED_SELECTOR = YES;
				GCC_WARN_UNINITIALIZED_AUTOS = YES_AGGRESSIVE;
				GCC_WARN_UNUSED_FUNCTION = YES;
				GCC_WARN_UNUSED_VARIABLE = YES;
				IPHONEOS_DEPLOYMENT_TARGET = 15.5;
				MTL_ENABLE_DEBUG_INFO = NO;
				MTL_FAST_MATH = YES;
				SDKROOT = iphoneos;
				SWIFT_COMPILATION_MODE = wholemodule;
				SWIFT_OPTIMIZATION_LEVEL = "-O";
				VALIDATE_PRODUCT = YES;
			};
			name = Release;
		};
		B0B4A8D128521519008F308B /* Debug */ = {
			isa = XCBuildConfiguration;
			buildSettings = {
				ASSETCATALOG_COMPILER_APPICON_NAME = AppIcon;
				ASSETCATALOG_COMPILER_GLOBAL_ACCENT_COLOR_NAME = AccentColor;
				CODE_SIGN_STYLE = Automatic;
				CURRENT_PROJECT_VERSION = 1;
				DEVELOPMENT_TEAM = PSH4C5839A;
				GENERATE_INFOPLIST_FILE = YES;
				INFOPLIST_FILE = WeatherInfo/Resources/Info.plist;
				INFOPLIST_KEY_UIApplicationSupportsIndirectInputEvents = YES;
				INFOPLIST_KEY_UILaunchStoryboardName = LaunchScreen;
				INFOPLIST_KEY_UIMainStoryboardFile = MainViewController;
				INFOPLIST_KEY_UISupportedInterfaceOrientations_iPad = "UIInterfaceOrientationPortrait UIInterfaceOrientationPortraitUpsideDown UIInterfaceOrientationLandscapeLeft UIInterfaceOrientationLandscapeRight";
				INFOPLIST_KEY_UISupportedInterfaceOrientations_iPhone = "UIInterfaceOrientationPortrait UIInterfaceOrientationLandscapeLeft UIInterfaceOrientationLandscapeRight";
				LD_RUNPATH_SEARCH_PATHS = (
					"$(inherited)",
					"@executable_path/Frameworks",
				);
				MARKETING_VERSION = 1.0;
				PRODUCT_BUNDLE_IDENTIFIER = "com.Dahun-Lee.WeatherInfo";
				PRODUCT_NAME = "$(TARGET_NAME)";
				SWIFT_EMIT_LOC_STRINGS = YES;
				SWIFT_VERSION = 5.0;
				TARGETED_DEVICE_FAMILY = "1,2";
			};
			name = Debug;
		};
		B0B4A8D228521519008F308B /* Release */ = {
			isa = XCBuildConfiguration;
			buildSettings = {
				ASSETCATALOG_COMPILER_APPICON_NAME = AppIcon;
				ASSETCATALOG_COMPILER_GLOBAL_ACCENT_COLOR_NAME = AccentColor;
				CODE_SIGN_STYLE = Automatic;
				CURRENT_PROJECT_VERSION = 1;
				DEVELOPMENT_TEAM = PSH4C5839A;
				GENERATE_INFOPLIST_FILE = YES;
				INFOPLIST_FILE = WeatherInfo/Resources/Info.plist;
				INFOPLIST_KEY_UIApplicationSupportsIndirectInputEvents = YES;
				INFOPLIST_KEY_UILaunchStoryboardName = LaunchScreen;
				INFOPLIST_KEY_UIMainStoryboardFile = MainViewController;
				INFOPLIST_KEY_UISupportedInterfaceOrientations_iPad = "UIInterfaceOrientationPortrait UIInterfaceOrientationPortraitUpsideDown UIInterfaceOrientationLandscapeLeft UIInterfaceOrientationLandscapeRight";
				INFOPLIST_KEY_UISupportedInterfaceOrientations_iPhone = "UIInterfaceOrientationPortrait UIInterfaceOrientationLandscapeLeft UIInterfaceOrientationLandscapeRight";
				LD_RUNPATH_SEARCH_PATHS = (
					"$(inherited)",
					"@executable_path/Frameworks",
				);
				MARKETING_VERSION = 1.0;
				PRODUCT_BUNDLE_IDENTIFIER = "com.Dahun-Lee.WeatherInfo";
				PRODUCT_NAME = "$(TARGET_NAME)";
				SWIFT_EMIT_LOC_STRINGS = YES;
				SWIFT_VERSION = 5.0;
				TARGETED_DEVICE_FAMILY = "1,2";
			};
			name = Release;
		};
		B0B4A8D428521519008F308B /* Debug */ = {
			isa = XCBuildConfiguration;
			buildSettings = {
				ALWAYS_EMBED_SWIFT_STANDARD_LIBRARIES = YES;
				BUNDLE_LOADER = "$(TEST_HOST)";
				CODE_SIGN_STYLE = Automatic;
				CURRENT_PROJECT_VERSION = 1;
				DEVELOPMENT_TEAM = PSH4C5839A;
				GENERATE_INFOPLIST_FILE = YES;
				IPHONEOS_DEPLOYMENT_TARGET = 15.5;
				MARKETING_VERSION = 1.0;
				PRODUCT_BUNDLE_IDENTIFIER = "com.Dahun-Lee.WeatherInfoTests";
				PRODUCT_NAME = "$(TARGET_NAME)";
				SWIFT_EMIT_LOC_STRINGS = NO;
				SWIFT_VERSION = 5.0;
				TARGETED_DEVICE_FAMILY = "1,2";
				TEST_HOST = "$(BUILT_PRODUCTS_DIR)/WeatherInfo.app/WeatherInfo";
			};
			name = Debug;
		};
		B0B4A8D528521519008F308B /* Release */ = {
			isa = XCBuildConfiguration;
			buildSettings = {
				ALWAYS_EMBED_SWIFT_STANDARD_LIBRARIES = YES;
				BUNDLE_LOADER = "$(TEST_HOST)";
				CODE_SIGN_STYLE = Automatic;
				CURRENT_PROJECT_VERSION = 1;
				DEVELOPMENT_TEAM = PSH4C5839A;
				GENERATE_INFOPLIST_FILE = YES;
				IPHONEOS_DEPLOYMENT_TARGET = 15.5;
				MARKETING_VERSION = 1.0;
				PRODUCT_BUNDLE_IDENTIFIER = "com.Dahun-Lee.WeatherInfoTests";
				PRODUCT_NAME = "$(TARGET_NAME)";
				SWIFT_EMIT_LOC_STRINGS = NO;
				SWIFT_VERSION = 5.0;
				TARGETED_DEVICE_FAMILY = "1,2";
				TEST_HOST = "$(BUILT_PRODUCTS_DIR)/WeatherInfo.app/WeatherInfo";
			};
			name = Release;
		};
		B0B4A8D728521519008F308B /* Debug */ = {
			isa = XCBuildConfiguration;
			buildSettings = {
				ALWAYS_EMBED_SWIFT_STANDARD_LIBRARIES = YES;
				CODE_SIGN_STYLE = Automatic;
				CURRENT_PROJECT_VERSION = 1;
				DEVELOPMENT_TEAM = PSH4C5839A;
				GENERATE_INFOPLIST_FILE = YES;
				MARKETING_VERSION = 1.0;
				PRODUCT_BUNDLE_IDENTIFIER = "com.Dahun-Lee.WeatherInfoUITests";
				PRODUCT_NAME = "$(TARGET_NAME)";
				SWIFT_EMIT_LOC_STRINGS = NO;
				SWIFT_VERSION = 5.0;
				TARGETED_DEVICE_FAMILY = "1,2";
				TEST_TARGET_NAME = WeatherInfo;
			};
			name = Debug;
		};
		B0B4A8D828521519008F308B /* Release */ = {
			isa = XCBuildConfiguration;
			buildSettings = {
				ALWAYS_EMBED_SWIFT_STANDARD_LIBRARIES = YES;
				CODE_SIGN_STYLE = Automatic;
				CURRENT_PROJECT_VERSION = 1;
				DEVELOPMENT_TEAM = PSH4C5839A;
				GENERATE_INFOPLIST_FILE = YES;
				MARKETING_VERSION = 1.0;
				PRODUCT_BUNDLE_IDENTIFIER = "com.Dahun-Lee.WeatherInfoUITests";
				PRODUCT_NAME = "$(TARGET_NAME)";
				SWIFT_EMIT_LOC_STRINGS = NO;
				SWIFT_VERSION = 5.0;
				TARGETED_DEVICE_FAMILY = "1,2";
				TEST_TARGET_NAME = WeatherInfo;
			};
			name = Release;
		};
/* End XCBuildConfiguration section */

/* Begin XCConfigurationList section */
		B0B4A8A128521513008F308B /* Build configuration list for PBXProject "WeatherInfo" */ = {
			isa = XCConfigurationList;
			buildConfigurations = (
				B0B4A8CE28521519008F308B /* Debug */,
				B0B4A8CF28521519008F308B /* Release */,
			);
			defaultConfigurationIsVisible = 0;
			defaultConfigurationName = Release;
		};
		B0B4A8D028521519008F308B /* Build configuration list for PBXNativeTarget "WeatherInfo" */ = {
			isa = XCConfigurationList;
			buildConfigurations = (
				B0B4A8D128521519008F308B /* Debug */,
				B0B4A8D228521519008F308B /* Release */,
			);
			defaultConfigurationIsVisible = 0;
			defaultConfigurationName = Release;
		};
		B0B4A8D328521519008F308B /* Build configuration list for PBXNativeTarget "WeatherInfoTests" */ = {
			isa = XCConfigurationList;
			buildConfigurations = (
				B0B4A8D428521519008F308B /* Debug */,
				B0B4A8D528521519008F308B /* Release */,
			);
			defaultConfigurationIsVisible = 0;
			defaultConfigurationName = Release;
		};
		B0B4A8D628521519008F308B /* Build configuration list for PBXNativeTarget "WeatherInfoUITests" */ = {
			isa = XCConfigurationList;
			buildConfigurations = (
				B0B4A8D728521519008F308B /* Debug */,
				B0B4A8D828521519008F308B /* Release */,
			);
			defaultConfigurationIsVisible = 0;
			defaultConfigurationName = Release;
		};
/* End XCConfigurationList section */
	};
	rootObject = B0B4A89E28521513008F308B /* Project object */;
}
